# THIS IS AN AUTOGENERATED FILE. DO NOT EDIT THIS FILE DIRECTLY.
# yarn lockfile v1


"bootstrap-4-react@^0.0.59":
  "integrity" "sha512-j3a618tWHl/ajYQi6zn0LdVfksRH+gyQ4RwIanTPin6xkHkgYfk+47ZlHFSwyiO9zVFn4xznoGjTwWA0AIlJkA=="
  "resolved" "https://registry.npmjs.org/bootstrap-4-react/-/bootstrap-4-react-0.0.59.tgz"
  "version" "0.0.59"
  dependencies:
    "bootstrap-4-required" "0.0.1"
    "fsts" "0.0.44"

"bootstrap-4-required@0.0.1":
  "integrity" "sha512-4S6Trn9pRVSR756GRYr3hy2cZL3Vc0tw0/H9E+mbNeOR+4tn6CeRgcLx0YqZmL2XlabtEV73+XAesmwkgTDKvQ=="
  "resolved" "https://registry.npmjs.org/bootstrap-4-required/-/bootstrap-4-required-0.0.1.tgz"
  "version" "0.0.1"

"fsts@0.0.44":
  "integrity" "sha512-0U4qvbzOE+3s2711DdszIyaAnZ3M0dbFAhnkez/ITy31MwzDI2lepGSkVeFOyx6jqWvwaSZr01RP4hdM4I8wxQ=="
  "resolved" "https://registry.npmjs.org/fsts/-/fsts-0.0.44.tgz"
  "version" "0.0.44"
